// !$*UTF8*$!
{
	archiveVersion = 1;
	classes = {
	};
	objectVersion = 50;
	objects = {

/* Begin PBXBuildFile section */
		6046CA0B23082BCB00297047 /* AppDelegate.swift in Sources */ = {isa = PBXBuildFile; fileRef = 6046CA0A23082BCB00297047 /* AppDelegate.swift */; };
		6046CA0D23082BCB00297047 /* RandomViewController.swift in Sources */ = {isa = PBXBuildFile; fileRef = 6046CA0C23082BCB00297047 /* RandomViewController.swift */; };
		6046CA1223082BCB00297047 /* Main.storyboard in Resources */ = {isa = PBXBuildFile; fileRef = 6046CA1023082BCB00297047 /* Main.storyboard */; };
		6046CA1423082BCD00297047 /* Assets.xcassets in Resources */ = {isa = PBXBuildFile; fileRef = 6046CA1323082BCD00297047 /* Assets.xcassets */; };
		6046CA1723082BCD00297047 /* LaunchScreen.storyboard in Resources */ = {isa = PBXBuildFile; fileRef = 6046CA1523082BCD00297047 /* LaunchScreen.storyboard */; };
		6046CA1F23082CC100297047 /* ListViewController.swift in Sources */ = {isa = PBXBuildFile; fileRef = 6046CA1E23082CC100297047 /* ListViewController.swift */; };
		60BC649F230C307000B2F6FA /* MainTabBarController.swift in Sources */ = {isa = PBXBuildFile; fileRef = 60BC649E230C307000B2F6FA /* MainTabBarController.swift */; };
		60BC64A1230C531000B2F6FA /* RandomDetailsViewController.swift in Sources */ = {isa = PBXBuildFile; fileRef = 60BC64A0230C531000B2F6FA /* RandomDetailsViewController.swift */; };
		60F4440123083269009640B1 /* Spel.swift in Sources */ = {isa = PBXBuildFile; fileRef = 60F4440023083269009640B1 /* Spel.swift */; };
		60F4440323083293009640B1 /* Categorie.swift in Sources */ = {isa = PBXBuildFile; fileRef = 60F4440223083293009640B1 /* Categorie.swift */; };
		60F444052308A8DB009640B1 /* SpelTableViewController.swift in Sources */ = {isa = PBXBuildFile; fileRef = 60F444042308A8DB009640B1 /* SpelTableViewController.swift */; };
		60F44407230ABB32009640B1 /* SpelDetailsViewController.swift in Sources */ = {isa = PBXBuildFile; fileRef = 60F44406230ABB32009640B1 /* SpelDetailsViewController.swift */; };
/* End PBXBuildFile section */

/* Begin PBXFileReference section */
		6046CA0723082BCB00297047 /* Speelplein.app */ = {isa = PBXFileReference; explicitFileType = wrapper.application; includeInIndex = 0; path = Speelplein.app; sourceTree = BUILT_PRODUCTS_DIR; };
		6046CA0A23082BCB00297047 /* AppDelegate.swift */ = {isa = PBXFileReference; lastKnownFileType = sourcecode.swift; path = AppDelegate.swift; sourceTree = "<group>"; };
		6046CA0C23082BCB00297047 /* RandomViewController.swift */ = {isa = PBXFileReference; lastKnownFileType = sourcecode.swift; path = RandomViewController.swift; sourceTree = "<group>"; };
		6046CA1123082BCB00297047 /* Base */ = {isa = PBXFileReference; lastKnownFileType = file.storyboard; name = Base; path = Base.lproj/Main.storyboard; sourceTree = "<group>"; };
		6046CA1323082BCD00297047 /* Assets.xcassets */ = {isa = PBXFileReference; lastKnownFileType = folder.assetcatalog; path = Assets.xcassets; sourceTree = "<group>"; };
		6046CA1623082BCD00297047 /* Base */ = {isa = PBXFileReference; lastKnownFileType = file.storyboard; name = Base; path = Base.lproj/LaunchScreen.storyboard; sourceTree = "<group>"; };
		6046CA1823082BCD00297047 /* Info.plist */ = {isa = PBXFileReference; lastKnownFileType = text.plist.xml; path = Info.plist; sourceTree = "<group>"; };
		6046CA1E23082CC100297047 /* ListViewController.swift */ = {isa = PBXFileReference; lastKnownFileType = sourcecode.swift; path = ListViewController.swift; sourceTree = "<group>"; };
		60BC649E230C307000B2F6FA /* MainTabBarController.swift */ = {isa = PBXFileReference; lastKnownFileType = sourcecode.swift; path = MainTabBarController.swift; sourceTree = "<group>"; };
		60BC64A0230C531000B2F6FA /* RandomDetailsViewController.swift */ = {isa = PBXFileReference; lastKnownFileType = sourcecode.swift; path = RandomDetailsViewController.swift; sourceTree = "<group>"; };
		60F4440023083269009640B1 /* Spel.swift */ = {isa = PBXFileReference; lastKnownFileType = sourcecode.swift; path = Spel.swift; sourceTree = "<group>"; };
		60F4440223083293009640B1 /* Categorie.swift */ = {isa = PBXFileReference; lastKnownFileType = sourcecode.swift; path = Categorie.swift; sourceTree = "<group>"; };
		60F444042308A8DB009640B1 /* SpelTableViewController.swift */ = {isa = PBXFileReference; lastKnownFileType = sourcecode.swift; path = SpelTableViewController.swift; sourceTree = "<group>"; };
		60F44406230ABB32009640B1 /* SpelDetailsViewController.swift */ = {isa = PBXFileReference; lastKnownFileType = sourcecode.swift; path = SpelDetailsViewController.swift; sourceTree = "<group>"; };
/* End PBXFileReference section */

/* Begin PBXFrameworksBuildPhase section */
		6046CA0423082BCB00297047 /* Frameworks */ = {
			isa = PBXFrameworksBuildPhase;
			buildActionMask = 2147483647;
			files = (
			);
			runOnlyForDeploymentPostprocessing = 0;
		};
/* End PBXFrameworksBuildPhase section */

/* Begin PBXGroup section */
		6046C9FE23082BCB00297047 = {
			isa = PBXGroup;
			children = (
				6046CA0923082BCB00297047 /* Speelplein */,
				6046CA0823082BCB00297047 /* Products */,
			);
			sourceTree = "<group>";
		};
		6046CA0823082BCB00297047 /* Products */ = {
			isa = PBXGroup;
			children = (
				6046CA0723082BCB00297047 /* Speelplein.app */,
			);
			name = Products;
			sourceTree = "<group>";
		};
		6046CA0923082BCB00297047 /* Speelplein */ = {
			isa = PBXGroup;
			children = (
				60F443FF23083255009640B1 /* Models */,
				60F443FE23083247009640B1 /* Controllers */,
				6046CA0A23082BCB00297047 /* AppDelegate.swift */,
				6046CA1023082BCB00297047 /* Main.storyboard */,
				6046CA1323082BCD00297047 /* Assets.xcassets */,
				6046CA1523082BCD00297047 /* LaunchScreen.storyboard */,
				6046CA1823082BCD00297047 /* Info.plist */,
			);
			path = Speelplein;
			sourceTree = "<group>";
		};
		60F443FE23083247009640B1 /* Controllers */ = {
			isa = PBXGroup;
			children = (
				6046CA0C23082BCB00297047 /* RandomViewController.swift */,
				6046CA1E23082CC100297047 /* ListViewController.swift */,
				60F444042308A8DB009640B1 /* SpelTableViewController.swift */,
				60F44406230ABB32009640B1 /* SpelDetailsViewController.swift */,
				60BC649E230C307000B2F6FA /* MainTabBarController.swift */,
				60BC64A0230C531000B2F6FA /* RandomDetailsViewController.swift */,
			);
			path = Controllers;
			sourceTree = "<group>";
		};
		60F443FF23083255009640B1 /* Models */ = {
			isa = PBXGroup;
			children = (
				60F4440023083269009640B1 /* Spel.swift */,
				60F4440223083293009640B1 /* Categorie.swift */,
			);
			path = Models;
			sourceTree = "<group>";
		};
/* End PBXGroup section */

/* Begin PBXNativeTarget section */
		6046CA0623082BCB00297047 /* Speelplein */ = {
			isa = PBXNativeTarget;
			buildConfigurationList = 6046CA1B23082BCD00297047 /* Build configuration list for PBXNativeTarget "Speelplein" */;
			buildPhases = (
				6046CA0323082BCB00297047 /* Sources */,
				6046CA0423082BCB00297047 /* Frameworks */,
				6046CA0523082BCB00297047 /* Resources */,
			);
			buildRules = (
			);
			dependencies = (
			);
			name = Speelplein;
			productName = Speelplein;
			productReference = 6046CA0723082BCB00297047 /* Speelplein.app */;
			productType = "com.apple.product-type.application";
		};
/* End PBXNativeTarget section */

/* Begin PBXProject section */
		6046C9FF23082BCB00297047 /* Project object */ = {
			isa = PBXProject;
			attributes = {
				LastSwiftUpdateCheck = 1010;
				LastUpgradeCheck = 1010;
				ORGANIZATIONNAME = "Jelle Callewaert";
				TargetAttributes = {
					6046CA0623082BCB00297047 = {
						CreatedOnToolsVersion = 10.1;
					};
				};
			};
			buildConfigurationList = 6046CA0223082BCB00297047 /* Build configuration list for PBXProject "Speelplein" */;
			compatibilityVersion = "Xcode 9.3";
			developmentRegion = en;
			hasScannedForEncodings = 0;
			knownRegions = (
				en,
				Base,
			);
			mainGroup = 6046C9FE23082BCB00297047;
			productRefGroup = 6046CA0823082BCB00297047 /* Products */;
			projectDirPath = "";
			projectRoot = "";
			targets = (
				6046CA0623082BCB00297047 /* Speelplein */,
			);
		};
/* End PBXProject section */

/* Begin PBXResourcesBuildPhase section */
		6046CA0523082BCB00297047 /* Resources */ = {
			isa = PBXResourcesBuildPhase;
			buildActionMask = 2147483647;
			files = (
				6046CA1723082BCD00297047 /* LaunchScreen.storyboard in Resources */,
				6046CA1423082BCD00297047 /* Assets.xcassets in Resources */,
				6046CA1223082BCB00297047 /* Main.storyboard in Resources */,
			);
			runOnlyForDeploymentPostprocessing = 0;
		};
/* End PBXResourcesBuildPhase section */

/* Begin PBXSourcesBuildPhase section */
		6046CA0323082BCB00297047 /* Sources */ = {
			isa = PBXSourcesBuildPhase;
			buildActionMask = 2147483647;
			files = (
				6046CA0B23082BCB00297047 /* AppDelegate.swift in Sources */,
				60BC64A1230C531000B2F6FA /* RandomDetailsViewController.swift in Sources */,
				60F4440323083293009640B1 /* Categorie.swift in Sources */,
				60BC649F230C307000B2F6FA /* MainTabBarController.swift in Sources */,
				60F4440123083269009640B1 /* Spel.swift in Sources */,
				6046CA0D23082BCB00297047 /* RandomViewController.swift in Sources */,
				60F444052308A8DB009640B1 /* SpelTableViewController.swift in Sources */,
				6046CA1F23082CC100297047 /* ListViewController.swift in Sources */,
				60F44407230ABB32009640B1 /* SpelDetailsViewController.swift in Sources */,
			);
			runOnlyForDeploymentPostprocessing = 0;
		};
/* End PBXSourcesBuildPhase section */

/* Begin PBXVariantGroup section */
		6046CA1023082BCB00297047 /* Main.storyboard */ = {
			isa = PBXVariantGroup;
			children = (
				6046CA1123082BCB00297047 /* Base */,
			);
			name = Main.storyboard;
			sourceTree = "<group>";
		};
		6046CA1523082BCD00297047 /* LaunchScreen.storyboard */ = {
			isa = PBXVariantGroup;
			children = (
				6046CA1623082BCD00297047 /* Base */,
			);
			name = LaunchScreen.storyboard;
			sourceTree = "<group>";
		};
/* End PBXVariantGroup section */

/* Begin XCBuildConfiguration section */
		6046CA1923082BCD00297047 /* Debug */ = {
			isa = XCBuildConfiguration;
			buildSettings = {
				ALWAYS_SEARCH_USER_PATHS = NO;
				CLANG_ANALYZER_NONNULL = YES;
				CLANG_ANALYZER_NUMBER_OBJECT_CONVERSION = YES_AGGRESSIVE;
				CLANG_CXX_LANGUAGE_STANDARD = "gnu++14";
				CLANG_CXX_LIBRARY = "libc++";
				CLANG_ENABLE_MODULES = YES;
				CLANG_ENABLE_OBJC_ARC = YES;
				CLANG_ENABLE_OBJC_WEAK = YES;
				CLANG_WARN_BLOCK_CAPTURE_AUTORELEASING = YES;
				CLANG_WARN_BOOL_CONVERSION = YES;
				CLANG_WARN_COMMA = YES;
				CLANG_WARN_CONSTANT_CONVERSION = YES;
				CLANG_WARN_DEPRECATED_OBJC_IMPLEMENTATIONS = YES;
				CLANG_WARN_DIRECT_OBJC_ISA_USAGE = YES_ERROR;
				CLANG_WARN_DOCUMENTATION_COMMENTS = YES;
				CLANG_WARN_EMPTY_BODY = YES;
				CLANG_WARN_ENUM_CONVERSION = YES;
				CLANG_WARN_INFINITE_RECURSION = YES;
				CLANG_WARN_INT_CONVERSION = YES;
				CLANG_WARN_NON_LITERAL_NULL_CONVERSION = YES;
				CLANG_WARN_OBJC_IMPLICIT_RETAIN_SELF = YES;
				CLANG_WARN_OBJC_LITERAL_CONVERSION = YES;
				CLANG_WARN_OBJC_ROOT_CLASS = YES_ERROR;
				CLANG_WARN_RANGE_LOOP_ANALYSIS = YES;
				CLANG_WARN_STRICT_PROTOTYPES = YES;
				CLANG_WARN_SUSPICIOUS_MOVE = YES;
				CLANG_WARN_UNGUARDED_AVAILABILITY = YES_AGGRESSIVE;
				CLANG_WARN_UNREACHABLE_CODE = YES;
				CLANG_WARN__DUPLICATE_METHOD_MATCH = YES;
				CODE_SIGN_IDENTITY = "iPhone Developer";
				COPY_PHASE_STRIP = NO;
				DEBUG_INFORMATION_FORMAT = dwarf;
				ENABLE_STRICT_OBJC_MSGSEND = YES;
				ENABLE_TESTABILITY = YES;
				GCC_C_LANGUAGE_STANDARD = gnu11;
				GCC_DYNAMIC_NO_PIC = NO;
				GCC_NO_COMMON_BLOCKS = YES;
				GCC_OPTIMIZATION_LEVEL = 0;
				GCC_PREPROCESSOR_DEFINITIONS = (
					"DEBUG=1",
					"$(inherited)",
				);
				GCC_WARN_64_TO_32_BIT_CONVERSION = YES;
				GCC_WARN_ABOUT_RETURN_TYPE = YES_ERROR;
				GCC_WARN_UNDECLARED_SELECTOR = YES;
				GCC_WARN_UNINITIALIZED_AUTOS = YES_AGGRESSIVE;
				GCC_WARN_UNUSED_FUNCTION = YES;
				GCC_WARN_UNUSED_VARIABLE = YES;
				IPHONEOS_DEPLOYMENT_TARGET = 12.1;
				MTL_ENABLE_DEBUG_INFO = INCLUDE_SOURCE;
				MTL_FAST_MATH = YES;
				ONLY_ACTIVE_ARCH = YES;
				SDKROOT = iphoneos;
				SWIFT_ACTIVE_COMPILATION_CONDITIONS = DEBUG;
				SWIFT_OPTIMIZATION_LEVEL = "-Onone";
			};
			name = Debug;
		};
		6046CA1A23082BCD00297047 /* Release */ = {
			isa = XCBuildConfiguration;
			buildSettings = {
				ALWAYS_SEARCH_USER_PATHS = NO;
				CLANG_ANALYZER_NONNULL = YES;
				CLANG_ANALYZER_NUMBER_OBJECT_CONVERSION = YES_AGGRESSIVE;
				CLANG_CXX_LANGUAGE_STANDARD = "gnu++14";
				CLANG_CXX_LIBRARY = "libc++";
				CLANG_ENABLE_MODULES = YES;
				CLANG_ENABLE_OBJC_ARC = YES;
				CLANG_ENABLE_OBJC_WEAK = YES;
				CLANG_WARN_BLOCK_CAPTURE_AUTORELEASING = YES;
				CLANG_WARN_BOOL_CONVERSION = YES;
				CLANG_WARN_COMMA = YES;
				CLANG_WARN_CONSTANT_CONVERSION = YES;
				CLANG_WARN_DEPRECATED_OBJC_IMPLEMENTATIONS = YES;
				CLANG_WARN_DIRECT_OBJC_ISA_USAGE = YES_ERROR;
				CLANG_WARN_DOCUMENTATION_COMMENTS = YES;
				CLANG_WARN_EMPTY_BODY = YES;
				CLANG_WARN_ENUM_CONVERSION = YES;
				CLANG_WARN_INFINITE_RECURSION = YES;
				CLANG_WARN_INT_CONVERSION = YES;
				CLANG_WARN_NON_LITERAL_NULL_CONVERSION = YES;
				CLANG_WARN_OBJC_IMPLICIT_RETAIN_SELF = YES;
				CLANG_WARN_OBJC_LITERAL_CONVERSION = YES;
				CLANG_WARN_OBJC_ROOT_CLASS = YES_ERROR;
				CLANG_WARN_RANGE_LOOP_ANALYSIS = YES;
				CLANG_WARN_STRICT_PROTOTYPES = YES;
				CLANG_WARN_SUSPICIOUS_MOVE = YES;
				CLANG_WARN_UNGUARDED_AVAILABILITY = YES_AGGRESSIVE;
				CLANG_WARN_UNREACHABLE_CODE = YES;
				CLANG_WARN__DUPLICATE_METHOD_MATCH = YES;
				CODE_SIGN_IDENTITY = "iPhone Developer";
				COPY_PHASE_STRIP = NO;
				DEBUG_INFORMATION_FORMAT = "dwarf-with-dsym";
				ENABLE_NS_ASSERTIONS = NO;
				ENABLE_STRICT_OBJC_MSGSEND = YES;
				GCC_C_LANGUAGE_STANDARD = gnu11;
				GCC_NO_COMMON_BLOCKS = YES;
				GCC_WARN_64_TO_32_BIT_CONVERSION = YES;
				GCC_WARN_ABOUT_RETURN_TYPE = YES_ERROR;
				GCC_WARN_UNDECLARED_SELECTOR = YES;
				GCC_WARN_UNINITIALIZED_AUTOS = YES_AGGRESSIVE;
				GCC_WARN_UNUSED_FUNCTION = YES;
				GCC_WARN_UNUSED_VARIABLE = YES;
				IPHONEOS_DEPLOYMENT_TARGET = 12.1;
				MTL_ENABLE_DEBUG_INFO = NO;
				MTL_FAST_MATH = YES;
				SDKROOT = iphoneos;
				SWIFT_COMPILATION_MODE = wholemodule;
				SWIFT_OPTIMIZATION_LEVEL = "-O";
				VALIDATE_PRODUCT = YES;
			};
			name = Release;
		};
		6046CA1C23082BCD00297047 /* Debug */ = {
			isa = XCBuildConfiguration;
			buildSettings = {
				ASSETCATALOG_COMPILER_APPICON_NAME = AppIcon;
				CODE_SIGN_STYLE = Automatic;
				DEVELOPMENT_TEAM = W9C5ZKF3UC;
				INFOPLIST_FILE = Speelplein/Info.plist;
				LD_RUNPATH_SEARCH_PATHS = (
					"$(inherited)",
					"@executable_path/Frameworks",
				);
				PRODUCT_BUNDLE_IDENTIFIER = com.example.Speelplein;
				PRODUCT_NAME = "$(TARGET_NAME)";
				SWIFT_VERSION = 4.2;
				TARGETED_DEVICE_FAMILY = "1,2";
			};
			name = Debug;
		};
		6046CA1D23082BCD00297047 /* Release */ = {
			isa = XCBuildConfiguration;
			buildSettings = {
				ASSETCATALOG_COMPILER_APPICON_NAME = AppIcon;
				CODE_SIGN_STYLE = Automatic;
				DEVELOPMENT_TEAM = W9C5ZKF3UC;
				INFOPLIST_FILE = Speelplein/Info.plist;
				LD_RUNPATH_SEARCH_PATHS = (
					"$(inherited)",
					"@executable_path/Frameworks",
				);
				PRODUCT_BUNDLE_IDENTIFIER = com.example.Speelplein;
				PRODUCT_NAME = "$(TARGET_NAME)";
				SWIFT_VERSION = 4.2;
				TARGETED_DEVICE_FAMILY = "1,2";
			};
			name = Release;
		};
/* End XCBuildConfiguration section */

/* Begin XCConfigurationList section */
		6046CA0223082BCB00297047 /* Build configuration list for PBXProject "Speelplein" */ = {
			isa = XCConfigurationList;
			buildConfigurations = (
				6046CA1923082BCD00297047 /* Debug */,
				6046CA1A23082BCD00297047 /* Release */,
			);
			defaultConfigurationIsVisible = 0;
			defaultConfigurationName = Release;
		};
		6046CA1B23082BCD00297047 /* Build configuration list for PBXNativeTarget "Speelplein" */ = {
			isa = XCConfigurationList;
			buildConfigurations = (
				6046CA1C23082BCD00297047 /* Debug */,
				6046CA1D23082BCD00297047 /* Release */,
			);
			defaultConfigurationIsVisible = 0;
			defaultConfigurationName = Release;
		};
/* End XCConfigurationList section */
	};
	rootObject = 6046C9FF23082BCB00297047 /* Project object */;
}
